
Microsoft Visual Studio Solution File, Format Version 12.00
# Visual Studio Version 16
VisualStudioVersion = 16.0.28705.295
MinimumVisualStudioVersion = 10.0.40219.1
Project("{2150E333-8FDC-42A3-9474-1A3956D46DE8}") = "yaml", "yaml", "{34A95CF2-83BE-4F08-B8DE-C7F9A54C5531}"
	ProjectSection(SolutionItems) = preProject
		kubernetes-netcore\yaml\adminrole.yaml = kubernetes-netcore\yaml\adminrole.yaml
		kubernetes-netcore\yaml\adminuser.yaml = kubernetes-netcore\yaml\adminuser.yaml
		kubernetes-netcore\yaml\kubernetes-dashboard.yaml = kubernetes-netcore\yaml\kubernetes-dashboard.yaml
		kubernetes-netcore\yaml\rook-ceph-cluster.yaml = kubernetes-netcore\yaml\rook-ceph-cluster.yaml
		kubernetes-netcore\yaml\rook-ceph-operator.yaml = kubernetes-netcore\yaml\rook-ceph-operator.yaml
		kubernetes-netcore\yaml\rook-dashboard-external-https.yaml = kubernetes-netcore\yaml\rook-dashboard-external-https.yaml
	EndProjectSection
EndProject
Project("{9A19103F-16F7-4668-BE54-9A1E7A4F7556}") = "webcore001", "kubernetes-netcore\webcore001\webcore001.csproj", "{07A4642B-FD9E-4A8D-8D14-368E3E7DADE1}"
EndProject
Project("{9A19103F-16F7-4668-BE54-9A1E7A4F7556}") = "webcore001_Test", "kubernetes-netcore\webcore001_Test\webcore001_Test.csproj", "{1AD0A6F7-83CB-424A-9868-3967BD826F72}"
EndProject
Project("{2150E333-8FDC-42A3-9474-1A3956D46DE8}") = "Solution Items", "Solution Items", "{ACDB8314-CC0F-447A-A533-051ED6C04F69}"
	ProjectSection(SolutionItems) = preProject
		kubernetes-netcore\kubernetes.pptx = kubernetes-netcore\kubernetes.pptx
	EndProjectSection
EndProject
Global
	GlobalSection(SolutionConfigurationPlatforms) = preSolution
		Debug|Any CPU = Debug|Any CPU
		Release|Any CPU = Release|Any CPU
	EndGlobalSection
	GlobalSection(ProjectConfigurationPlatforms) = postSolution
		{07A4642B-FD9E-4A8D-8D14-368E3E7DADE1}.Debug|Any CPU.ActiveCfg = Debug|Any CPU
		{07A4642B-FD9E-4A8D-8D14-368E3E7DADE1}.Debug|Any CPU.Build.0 = Debug|Any CPU
		{07A4642B-FD9E-4A8D-8D14-368E3E7DADE1}.Release|Any CPU.ActiveCfg = Release|Any CPU
		{07A4642B-FD9E-4A8D-8D14-368E3E7DADE1}.Release|Any CPU.Build.0 = Release|Any CPU
		{1AD0A6F7-83CB-424A-9868-3967BD826F72}.Debug|Any CPU.ActiveCfg = Debug|Any CPU
		{1AD0A6F7-83CB-424A-9868-3967BD826F72}.Debug|Any CPU.Build.0 = Debug|Any CPU
		{1AD0A6F7-83CB-424A-9868-3967BD826F72}.Release|Any CPU.ActiveCfg = Release|Any CPU
		{1AD0A6F7-83CB-424A-9868-3967BD826F72}.Release|Any CPU.Build.0 = Release|Any CPU
	EndGlobalSection
	GlobalSection(SolutionProperties) = preSolution
		HideSolutionNode = FALSE
	EndGlobalSection
	GlobalSection(ExtensibilityGlobals) = postSolution
		SolutionGuid = {6CDF258A-8B2F-47A7-8A4C-BF335C9B5570}
	EndGlobalSection
EndGlobal
